
Microsoft Visual Studio Solution File, Format Version 12.00
# Visual Studio Version 16
VisualStudioVersion = 16.0.30011.22
MinimumVisualStudioVersion = 10.0.40219.1
Project("{FAE04EC0-301F-11D3-BF4B-00C04F79EFBC}") = "Hangman", "Hangman.csproj", "{CC65E04A-A9DC-41CE-BFF6-06F271539649}"
EndProject
Project("{FAE04EC0-301F-11D3-BF4B-00C04F79EFBC}") = "HangmanTest", "..\HangmanTest\HangmanTest.csproj", "{B1B10390-4C69-4FC4-97DC-B5BA15E18781}"
EndProject
Global
	GlobalSection(SolutionConfigurationPlatforms) = preSolution
		Debug|Any CPU = Debug|Any CPU
		Release|Any CPU = Release|Any CPU
	EndGlobalSection
	GlobalSection(ProjectConfigurationPlatforms) = postSolution
		{CC65E04A-A9DC-41CE-BFF6-06F271539649}.Debug|Any CPU.ActiveCfg = Debug|Any CPU
		{CC65E04A-A9DC-41CE-BFF6-06F271539649}.Debug|Any CPU.Build.0 = Debug|Any CPU
		{CC65E04A-A9DC-41CE-BFF6-06F271539649}.Release|Any CPU.ActiveCfg = Release|Any CPU
		{CC65E04A-A9DC-41CE-BFF6-06F271539649}.Release|Any CPU.Build.0 = Release|Any CPU
		{B1B10390-4C69-4FC4-97DC-B5BA15E18781}.Debug|Any CPU.ActiveCfg = Debug|Any CPU
		{B1B10390-4C69-4FC4-97DC-B5BA15E18781}.Debug|Any CPU.Build.0 = Debug|Any CPU
		{B1B10390-4C69-4FC4-97DC-B5BA15E18781}.Release|Any CPU.ActiveCfg = Release|Any CPU
		{B1B10390-4C69-4FC4-97DC-B5BA15E18781}.Release|Any CPU.Build.0 = Release|Any CPU
	EndGlobalSection
	GlobalSection(SolutionProperties) = preSolution
		HideSolutionNode = FALSE
	EndGlobalSection
	GlobalSection(ExtensibilityGlobals) = postSolution
		SolutionGuid = {91B40E40-8206-44BB-8950-42B9B75828F9}
	EndGlobalSection
EndGlobal
